
Microsoft Visual Studio Solution File, Format Version 12.00
# Visual Studio Version 16
VisualStudioVersion = 16.0.30621.155
MinimumVisualStudioVersion = 10.0.40219.1
Project("{FAE04EC0-301F-11D3-BF4B-00C04F79EFBC}") = "DZ4", "DZ4\DZ4.csproj", "{6755F428-C8AF-4942-AEE2-B18C7B8F04FE}"
EndProject
Project("{FAE04EC0-301F-11D3-BF4B-00C04F79EFBC}") = "Class Library", "Class Library\Class Library.csproj", "{6F758FF3-13AD-487E-A8F4-A56355155499}"
EndProject
Global
	GlobalSection(SolutionConfigurationPlatforms) = preSolution
		Debug|Any CPU = Debug|Any CPU
		Release|Any CPU = Release|Any CPU
	EndGlobalSection
	GlobalSection(ProjectConfigurationPlatforms) = postSolution
		{6755F428-C8AF-4942-AEE2-B18C7B8F04FE}.Debug|Any CPU.ActiveCfg = Debug|Any CPU
		{6755F428-C8AF-4942-AEE2-B18C7B8F04FE}.Debug|Any CPU.Build.0 = Debug|Any CPU
		{6755F428-C8AF-4942-AEE2-B18C7B8F04FE}.Release|Any CPU.ActiveCfg = Release|Any CPU
		{6755F428-C8AF-4942-AEE2-B18C7B8F04FE}.Release|Any CPU.Build.0 = Release|Any CPU
		{6F758FF3-13AD-487E-A8F4-A56355155499}.Debug|Any CPU.ActiveCfg = Debug|Any CPU
		{6F758FF3-13AD-487E-A8F4-A56355155499}.Debug|Any CPU.Build.0 = Debug|Any CPU
		{6F758FF3-13AD-487E-A8F4-A56355155499}.Release|Any CPU.ActiveCfg = Release|Any CPU
		{6F758FF3-13AD-487E-A8F4-A56355155499}.Release|Any CPU.Build.0 = Release|Any CPU
	EndGlobalSection
	GlobalSection(SolutionProperties) = preSolution
		HideSolutionNode = FALSE
	EndGlobalSection
	GlobalSection(ExtensibilityGlobals) = postSolution
		SolutionGuid = {1CA1A1C8-DCEE-44D4-899E-1554AB9448FE}
	EndGlobalSection
EndGlobal
